
Microsoft Visual Studio Solution File, Format Version 12.00
# Visual Studio 15
Project("{FAE04EC0-301F-11D3-BF4B-00C04F79EFBC}") = "BIP47", "BIP47\BIP47.csproj", "{5D7AA1CC-D48B-4437-AF2E-5715AB0E421C}"
EndProject
Project("{FAE04EC0-301F-11D3-BF4B-00C04F79EFBC}") = "BIP47.Tests", "BIP47.Tests\BIP47.Tests.csproj", "{8CBECF68-9958-45C9-9E05-7F1A744CB57E}"
EndProject
Global
	GlobalSection(SolutionConfigurationPlatforms) = preSolution
		Debug|Any CPU = Debug|Any CPU
		Release|Any CPU = Release|Any CPU
	EndGlobalSection
	GlobalSection(ProjectConfigurationPlatforms) = postSolution
		{5D7AA1CC-D48B-4437-AF2E-5715AB0E421C}.Debug|Any CPU.ActiveCfg = Debug|Any CPU
		{5D7AA1CC-D48B-4437-AF2E-5715AB0E421C}.Debug|Any CPU.Build.0 = Debug|Any CPU
		{5D7AA1CC-D48B-4437-AF2E-5715AB0E421C}.Release|Any CPU.ActiveCfg = Release|Any CPU
		{5D7AA1CC-D48B-4437-AF2E-5715AB0E421C}.Release|Any CPU.Build.0 = Release|Any CPU
		{8CBECF68-9958-45C9-9E05-7F1A744CB57E}.Debug|Any CPU.ActiveCfg = Debug|Any CPU
		{8CBECF68-9958-45C9-9E05-7F1A744CB57E}.Debug|Any CPU.Build.0 = Debug|Any CPU
		{8CBECF68-9958-45C9-9E05-7F1A744CB57E}.Release|Any CPU.ActiveCfg = Release|Any CPU
		{8CBECF68-9958-45C9-9E05-7F1A744CB57E}.Release|Any CPU.Build.0 = Release|Any CPU
	EndGlobalSection
EndGlobal
